
Microsoft Visual Studio Solution File, Format Version 12.00
# Visual Studio Version 16
VisualStudioVersion = 16.0.31025.194
MinimumVisualStudioVersion = 10.0.40219.1
Project("{8BC9CEB8-8B4A-11D0-8D11-00A0C91BC942}") = "Control", "Control.vcxproj", "{B9572D0F-81CB-42A8-87B9-8E24352ED803}"
EndProject
Global
	GlobalSection(SolutionConfigurationPlatforms) = preSolution
		Debug|x64 = Debug|x64
		Debug|x86 = Debug|x86
		Release|x64 = Release|x64
		Release|x86 = Release|x86
	EndGlobalSection
	GlobalSection(ProjectConfigurationPlatforms) = postSolution
		{B9572D0F-81CB-42A8-87B9-8E24352ED803}.Debug|x64.ActiveCfg = Debug|x64
		{B9572D0F-81CB-42A8-87B9-8E24352ED803}.Debug|x64.Build.0 = Debug|x64
		{B9572D0F-81CB-42A8-87B9-8E24352ED803}.Debug|x86.ActiveCfg = Debug|Win32
		{B9572D0F-81CB-42A8-87B9-8E24352ED803}.Debug|x86.Build.0 = Debug|Win32
		{B9572D0F-81CB-42A8-87B9-8E24352ED803}.Release|x64.ActiveCfg = Release|x64
		{B9572D0F-81CB-42A8-87B9-8E24352ED803}.Release|x64.Build.0 = Release|x64
		{B9572D0F-81CB-42A8-87B9-8E24352ED803}.Release|x86.ActiveCfg = Release|Win32
		{B9572D0F-81CB-42A8-87B9-8E24352ED803}.Release|x86.Build.0 = Release|Win32
	EndGlobalSection
	GlobalSection(SolutionProperties) = preSolution
		HideSolutionNode = FALSE
	EndGlobalSection
	GlobalSection(ExtensibilityGlobals) = postSolution
		SolutionGuid = {A200FD9E-E0D5-45AB-B312-2E6EF3FB805F}
	EndGlobalSection
EndGlobal
